
Microsoft Visual Studio Solution File, Format Version 11.00
# Visual Basic Express 2010
Project("{F184B08F-C81C-45F6-A57F-5ABD9991F28F}") = "SQL - First Touch", "SQL - First Touch\SQL - First Touch.vbproj", "{53CCEDAA-B91F-4CF2-8E83-54B30C3D09E9}"
EndProject
Global
	GlobalSection(SolutionConfigurationPlatforms) = preSolution
		Debug|x86 = Debug|x86
		Release|x86 = Release|x86
	EndGlobalSection
	GlobalSection(ProjectConfigurationPlatforms) = postSolution
		{53CCEDAA-B91F-4CF2-8E83-54B30C3D09E9}.Debug|x86.ActiveCfg = Debug|x86
		{53CCEDAA-B91F-4CF2-8E83-54B30C3D09E9}.Debug|x86.Build.0 = Debug|x86
		{53CCEDAA-B91F-4CF2-8E83-54B30C3D09E9}.Release|x86.ActiveCfg = Release|x86
		{53CCEDAA-B91F-4CF2-8E83-54B30C3D09E9}.Release|x86.Build.0 = Release|x86
	EndGlobalSection
	GlobalSection(SolutionProperties) = preSolution
		HideSolutionNode = FALSE
	EndGlobalSection
EndGlobal
